# THIS IS AN AUTOGENERATED FILE. DO NOT EDIT THIS FILE DIRECTLY.
# yarn lockfile v1


"@lukeed/csprng@^1.0.0":
  version "1.1.0"
  resolved "https://registry.yarnpkg.com/@lukeed/csprng/-/csprng-1.1.0.tgz#1e3e4bd05c1cc7a0b2ddbd8a03f39f6e4b5e6cfe"
  integrity sha512-Z7C/xXCiGWsg0KuKsHTKJxbWhpI3Vs5GwLfOean7MGyVFGqdRgBbAjOCh6u4bbjPc/8MJ2pZmK/0DLdCbivLDA==

"@nestjs/common@^9.0.0":
  version "9.4.3"
  resolved "https://registry.yarnpkg.com/@nestjs/common/-/common-9.4.3.tgz#f907c5315b4273f7675864a05c4dda7056632b87"
  integrity sha512-Gd6D4IaYj01o14Bwv81ukidn4w3bPHCblMUq+SmUmWLyosK+XQmInCS09SbDDZyL8jy86PngtBLTdhJ2bXSUig==
  dependencies:
    uid "2.0.2"
    iterare "1.2.1"
    tslib "2.5.3"

"@nestjs/core@^9.0.0":
  version "9.4.3"
  resolved "https://registry.yarnpkg.com/@nestjs/core/-/core-9.4.3.tgz#7d6d3417e18c0a598684b87c955e4caac4f56dd4"
  integrity sha512-Qi63+wi55Jh4sDyaj5Hhx2jOpKqT386aeo+VOKsxnd+Ql9VvkO/FjmuwBGUyzkJt29ENYc+P0Sx/k5LtstNpPQ==
  dependencies:
    uid "2.0.2"
    "@nuxtjs/opencollective" "0.3.2"
    fast-safe-stringify "2.1.1"
    iterare "1.2.1"
    path-to-regexp "3.2.0"
    tslib "2.5.3"

"@nestjs/mongoose@^9.2.2":
  version "9.2.2"
  resolved "https://registry.yarnpkg.com/@nestjs/mongoose/-/mongoose-9.2.2.tgz#104f9eb57f5f5841a96f6e4ae08a6e1904ef0b93"
  integrity sha512-szNuSUCwwbQSSeiTh8+tZ9fHV4nuzHwBDROb0hX0s7crwY15TunCfwyKbB2XjqkEQWUAasDeCBuKOJSL9N6tTg==

"@nuxtjs/opencollective@0.3.2":
  version "0.3.2"
  resolved "https://registry.yarnpkg.com/@nuxtjs/opencollective/-/opencollective-0.3.2.tgz#620ce1044f7ac77185e825e1936115bb38e2681c"
  integrity sha512-um0xL3fO7Mf4fDxcqx9KryrB7zgRM5JSlvGN5AGkP6JLM5XEKyjeAiPbNxdXVXQ16isuAhYpvP88NgL2BGd6aA==
  dependencies:
    chalk "^4.1.0"
    consola "^2.15.0"
    node-fetch "^2.6.1"

"@types/node@*":
  version "20.4.9"
  resolved "https://registry.yarnpkg.com/@types/node/-/node-20.4.9.tgz#c7164e0f8d3f12dfae336af0b1f7fdec8c6b204f"
  integrity sha512-8e2HYcg7ohnTUbHk8focoklEQYvemQmu9M/f43DZVx43kHn0tE3BY/6gSDxS7k0SprtS0NHvj+L80cGLnoOUcQ==

"@types/validator@^13.7.10":
  version "13.11.1"
  resolved "https://registry.yarnpkg.com/@types/validator/-/validator-13.11.1.tgz#6560af76ed54490e68c42f717ab4e742ba7be74b"
  integrity sha512-d/MUkJYdOeKycmm75Arql4M5+UuXmf4cHdHKsyw1GcvnNgL6s77UkgSgJ8TE/rI5PYsnwYq5jkcWBLuN/MpQ1A==

"@types/webidl-conversions@*":
  version "7.0.0"
  resolved "https://registry.yarnpkg.com/@types/webidl-conversions/-/webidl-conversions-7.0.0.tgz#2b8e60e33906459219aa587e9d1a612ae994cfe7"
  integrity sha512-xTE1E+YF4aWPJJeUzaZI5DRntlkY3+BCVJi0axFptnjGmAoWxkyREIh/XMrfxVLejwQxMCfDXdICo0VLxThrog==

"@types/whatwg-url@^8.2.1":
  version "8.2.2"
  resolved "https://registry.yarnpkg.com/@types/whatwg-url/-/whatwg-url-8.2.2.tgz#749d5b3873e845897ada99be4448041d4cc39e63"
  integrity sha512-FtQu10RWgn3D9U4aazdwIE2yzphmTJREDqNdODHrbrZmmMqI0vMheC/6NE/J1Yveaj8H+ela+YwWTjq5PGmuhA==
  dependencies:
    "@types/node" "*"
    "@types/webidl-conversions" "*"

ansi-styles@^4.1.0:
  version "4.3.0"
  resolved "https://registry.yarnpkg.com/ansi-styles/-/ansi-styles-4.3.0.tgz#edd803628ae71c04c85ae7a0906edad34b648937"
  integrity sha512-zbB9rCJAT1rbjiVDb2hqKFHNYLxgtk8NURxZ3IZwD3F6NtxbXZQCnnSi1Lkx+IDohdPlFp222wVALIheZJQSEg==
  dependencies:
    color-convert "^2.0.1"

bson@^5.4.0:
  version "5.4.0"
  resolved "https://registry.yarnpkg.com/bson/-/bson-5.4.0.tgz#0eea77276d490953ad8616b483298dbff07384c6"
  integrity sha512-WRZ5SQI5GfUuKnPTNmAYPiKIof3ORXAF4IRU5UcgmivNIon01rWQlw5RUH954dpu8yGL8T59YShVddIPaU/gFA==

chalk@^4.1.0:
  version "4.1.2"
  resolved "https://registry.yarnpkg.com/chalk/-/chalk-4.1.2.tgz#aac4e2b7734a740867aeb16bf02aad556a1e7a01"
  integrity sha512-oKnbhFyRIXpUuez8iBMmyEa4nbj4IOQyuhc/wy9kY7/WVPcwIO9VA668Pu8RkO7+0G76SLROeyw9CpQ061i4mA==
  dependencies:
    ansi-styles "^4.1.0"
    supports-color "^7.1.0"

class-validator@^0.14.0:
  version "0.14.0"
  resolved "https://registry.yarnpkg.com/class-validator/-/class-validator-0.14.0.tgz#40ed0ecf3c83b2a8a6a320f4edb607be0f0df159"
  integrity sha512-ct3ltplN8I9fOwUd8GrP8UQixwff129BkEtuWDKL5W45cQuLd19xqmTLu5ge78YDm/fdje6FMt0hGOhl0lii3A==
  dependencies:
    "@types/validator" "^13.7.10"
    libphonenumber-js "^1.10.14"
    validator "^13.7.0"

color-convert@^2.0.1:
  version "2.0.1"
  resolved "https://registry.yarnpkg.com/color-convert/-/color-convert-2.0.1.tgz#72d3a68d598c9bdb3af2ad1e84f21d896abd4de3"
  integrity sha512-RRECPsj7iu/xb5oKYcsFHSppFNnsj/52OVTRKb4zP5onXwVF3zVmmToNcOfGC+CRDpfK/U584fMg38ZHCaElKQ==
  dependencies:
    color-name "~1.1.4"

color-name@~1.1.4:
  version "1.1.4"
  resolved "https://registry.yarnpkg.com/color-name/-/color-name-1.1.4.tgz#c2a09a87acbde69543de6f63fa3995c826c536a2"
  integrity sha512-dOy+3AuW3a2wNbZHIuMZpTcgjGuLU/uBL/ubcZF9OXbDo8ff4O8yVp5Bf0efS8uEoYo5q4Fx7dY9OgQGXgAsQA==

config@^3.3.9:
  version "3.3.9"
  resolved "https://registry.yarnpkg.com/config/-/config-3.3.9.tgz#27fae95b43e0e1d5723e54143c090954d8e49572"
  integrity sha512-G17nfe+cY7kR0wVpc49NCYvNtelm/pPy8czHoFkAgtV1lkmcp7DHtWCdDu+C9Z7gb2WVqa9Tm3uF9aKaPbCfhg==
  dependencies:
    json5 "^2.2.3"

consola@^2.15.0:
  version "2.15.3"
  resolved "https://registry.yarnpkg.com/consola/-/consola-2.15.3.tgz#2e11f98d6a4be71ff72e0bdf07bd23e12cb61550"
  integrity sha512-9vAdYbHj6x2fLKC4+oPH0kFzY/orMZyG2Aj+kNylHxKGJ/Ed4dpNyAQYwJOdqO4zdM7XpVHmyejQDcQHrnuXbw==

debug@4.x:
  version "4.3.4"
  resolved "https://registry.yarnpkg.com/debug/-/debug-4.3.4.tgz#1319f6579357f2338d3337d2cdd4914bb5dcc865"
  integrity sha512-PRWFHuSU3eDtQJPvnNY7Jcket1j0t5OuOsFzPPzsekD52Zl8qUfFIPEiswXqIvHWGVHOgX+7G/vCNNhehwxfkQ==
  dependencies:
    ms "2.1.2"

fast-safe-stringify@2.1.1:
  version "2.1.1"
  resolved "https://registry.yarnpkg.com/fast-safe-stringify/-/fast-safe-stringify-2.1.1.tgz#c406a83b6e70d9e35ce3b30a81141df30aeba884"
  integrity sha512-W+KJc2dmILlPplD/H4K9l9LcAHAfPtP6BY84uVLXQ6Evcz9Lcg33Y2z1IVblT6xdY54PXYVHEv+0Wpq8Io6zkA==

has-flag@^4.0.0:
  version "4.0.0"
  resolved "https://registry.yarnpkg.com/has-flag/-/has-flag-4.0.0.tgz#944771fd9c81c81265c4d6941860da06bb59479b"
  integrity sha512-EykJT/Q1KjTWctppgIAgfSO0tKVuZUjhgMr17kqTumMl6Afv3EISleU7qZUzoXDFTAHTDC4NOoG/ZxU3EvlMPQ==

ip@^1.1.8:
  version "1.1.8"
  resolved "https://registry.yarnpkg.com/ip/-/ip-1.1.8.tgz#ae05948f6b075435ed3307acce04629da8cdbf48"
  integrity sha512-PuExPYUiu6qMBQb4l06ecm6T6ujzhmh+MeJcW9wa89PoAz5pvd4zPgN5WJV104mb6S2T1AwNIAaB70JNrLQWhg==

ip@^2.0.0:
  version "2.0.0"
  resolved "https://registry.yarnpkg.com/ip/-/ip-2.0.0.tgz#4cf4ab182fee2314c75ede1276f8c80b479936da"
  integrity sha512-WKa+XuLG1A1R0UWhl2+1XQSi+fZWMsYKffMZTTYsiZaUD8k2yDAj5atimTUD2TZkyCkNEeYE5NhFZmupOGtjYQ==

iterare@1.2.1:
  version "1.2.1"
  resolved "https://registry.yarnpkg.com/iterare/-/iterare-1.2.1.tgz#139c400ff7363690e33abffa33cbba8920f00042"
  integrity sha512-RKYVTCjAnRthyJes037NX/IiqeidgN1xc3j1RjFfECFp28A1GVwK9nA+i0rJPaHqSZwygLzRnFlzUuHFoWWy+Q==

json5@^2.2.3:
  version "2.2.3"
  resolved "https://registry.yarnpkg.com/json5/-/json5-2.2.3.tgz#78cd6f1a19bdc12b73db5ad0c61efd66c1e29283"
  integrity sha512-XmOWe7eyHYH14cLdVPoyg+GOH3rYX++KpzrylJwSW98t3Nk+U8XOl8FWKOgwtzdb8lXGf6zYwDUzeHMWfxasyg==

kareem@2.5.1:
  version "2.5.1"
  resolved "https://registry.yarnpkg.com/kareem/-/kareem-2.5.1.tgz#7b8203e11819a8e77a34b3517d3ead206764d15d"
  integrity sha512-7jFxRVm+jD+rkq3kY0iZDJfsO2/t4BBPeEb2qKn2lR/9KhuksYk5hxzfRYWMPV8P/x2d0kHD306YyWLzjjH+uA==

libphonenumber-js@^1.10.14:
  version "1.10.39"
  resolved "https://registry.yarnpkg.com/libphonenumber-js/-/libphonenumber-js-1.10.39.tgz#12dd512621c9ebb13402a694ac81dc78511cd982"
  integrity sha512-iPMM/NbSNIrdwbr94rAOos6krB7snhfzEptmk/DJUtTPs+P9gOhZ1YXVPcRgjpp3jJByclfm/Igvz45spfJK7g==

memory-pager@^1.0.2:
  version "1.5.0"
  resolved "https://registry.yarnpkg.com/memory-pager/-/memory-pager-1.5.0.tgz#d8751655d22d384682741c972f2c3d6dfa3e66b5"
  integrity sha512-ZS4Bp4r/Zoeq6+NLJpP+0Zzm0pR8whtGPf1XExKLJBAczGMnSi3It14OiNCStjQjM6NU1okjQGSxgEZN8eBYKg==

mongodb-connection-string-url@^2.6.0:
  version "2.6.0"
  resolved "https://registry.yarnpkg.com/mongodb-connection-string-url/-/mongodb-connection-string-url-2.6.0.tgz#57901bf352372abdde812c81be47b75c6b2ec5cf"
  integrity sha512-WvTZlI9ab0QYtTYnuMLgobULWhokRjtC7db9LtcVfJ+Hsnyr5eo6ZtNAt3Ly24XZScGMelOcGtm7lSn0332tPQ==
  dependencies:
    "@types/whatwg-url" "^8.2.1"
    whatwg-url "^11.0.0"

mongodb@5.7.0:
  version "5.7.0"
  resolved "https://registry.yarnpkg.com/mongodb/-/mongodb-5.7.0.tgz#e16d2fcdfd9f8503ec2d88288392dc3235bb3ecc"
  integrity sha512-zm82Bq33QbqtxDf58fLWBwTjARK3NSvKYjyz997KSy6hpat0prjeX/kxjbPVyZY60XYPDNETaHkHJI2UCzSLuw==
  dependencies:
    bson "^5.4.0"
    mongodb-connection-string-url "^2.6.0"
    socks "^2.7.1"
  optionalDependencies:
    saslprep "^1.0.3"

mongoose@^7.0.4:
  version "7.4.2"
  resolved "https://registry.yarnpkg.com/mongoose/-/mongoose-7.4.2.tgz#fcf23f59f410b187a5611a119ee22d0970235be7"
  integrity sha512-sNolW2hyncwvWmZjIEIwAckjaSKtC1SE86zE1v2TKm3vPTRogZfBQf+3zLYYdrgrVTzoaoICieVpct9hjcn3EQ==
  dependencies:
    bson "^5.4.0"
    kareem "2.5.1"
    mongodb "5.7.0"
    mpath "0.9.0"
    mquery "5.0.0"
    ms "2.1.3"
    sift "16.0.1"

mpath@0.9.0:
  version "0.9.0"
  resolved "https://registry.yarnpkg.com/mpath/-/mpath-0.9.0.tgz#0c122fe107846e31fc58c75b09c35514b3871904"
  integrity sha512-ikJRQTk8hw5DEoFVxHG1Gn9T/xcjtdnOKIU1JTmGjZZlg9LST2mBLmcX3/ICIbgJydT2GOc15RnNy5mHmzfSew==

mquery@5.0.0:
  version "5.0.0"
  resolved "https://registry.yarnpkg.com/mquery/-/mquery-5.0.0.tgz#a95be5dfc610b23862df34a47d3e5d60e110695d"
  integrity sha512-iQMncpmEK8R8ncT8HJGsGc9Dsp8xcgYMVSbs5jgnm1lFHTZqMJTUWTDx1LBO8+mK3tPNZWFLBghQEIOULSTHZg==
  dependencies:
    debug "4.x"

ms@2.1.2:
  version "2.1.2"
  resolved "https://registry.yarnpkg.com/ms/-/ms-2.1.2.tgz#d09d1f357b443f493382a8eb3ccd183872ae6009"
  integrity sha512-sGkPx+VjMtmA6MX27oA4FBFELFCZZ4S4XqeGOXCv68tT+jb3vk/RyaKWP0PTKyWtmLSM0b+adUTEvbs1PEaH2w==

ms@2.1.3:
  version "2.1.3"
  resolved "https://registry.yarnpkg.com/ms/-/ms-2.1.3.tgz#574c8138ce1d2b5861f0b44579dbadd60c6615b2"
  integrity sha512-6FlzubTLZG3J2a/NVCAleEhjzq5oxgHyaCU9yYXvcLsvoVaHJq/s5xXI6/XXP6tz7R9xAOtHnSO/tXtF3WRTlA==

node-fetch@^2.6.1:
  version "2.6.12"
  resolved "https://registry.yarnpkg.com/node-fetch/-/node-fetch-2.6.12.tgz#02eb8e22074018e3d5a83016649d04df0e348fba"
  integrity sha512-C/fGU2E8ToujUivIO0H+tpQ6HWo4eEmchoPIoXtxCrVghxdKq+QOHqEZW7tuP3KlV3bC8FRMO5nMCC7Zm1VP6g==
  dependencies:
    whatwg-url "^5.0.0"

path-to-regexp@3.2.0:
  version "3.2.0"
  resolved "https://registry.yarnpkg.com/path-to-regexp/-/path-to-regexp-3.2.0.tgz#fa7877ecbc495c601907562222453c43cc204a5f"
  integrity sha512-jczvQbCUS7XmS7o+y1aEO9OBVFeZBQ1MDSEqmO7xSoPgOPoowY/SxLpZ6Vh97/8qHZOteiCKb7gkG9gA2ZUxJA==

punycode@^2.1.1:
  version "2.3.0"
  resolved "https://registry.yarnpkg.com/punycode/-/punycode-2.3.0.tgz#f67fa67c94da8f4d0cfff981aee4118064199b8f"
  integrity sha512-rRV+zQD8tVFys26lAGR9WUuS4iUAngJScM+ZRSKtvl5tKeZ2t5bvdNFdNHBW9FWR4guGHlgmsZ1G7BSm2wTbuA==

rxjs@^7.2.0:
  version "7.8.1"
  resolved "https://registry.yarnpkg.com/rxjs/-/rxjs-7.8.1.tgz#6f6f3d99ea8044291efd92e7c7fcf562c4057543"
  integrity sha512-AA3TVj+0A2iuIoQkWEK/tqFjBq2j+6PO6Y0zJcvzLAFhEFIO3HL0vls9hWLncZbAAbK0mar7oZ4V079I/qPMxg==
  dependencies:
    tslib "^2.1.0"

saslprep@^1.0.3:
  version "1.0.3"
  resolved "https://registry.yarnpkg.com/saslprep/-/saslprep-1.0.3.tgz#4c02f946b56cf54297e347ba1093e7acac4cf226"
  integrity sha512-/MY/PEMbk2SuY5sScONwhUDsV2p77Znkb/q3nSVstq/yQzYJOH/Azh29p9oJLsl3LnQwSvZDKagDGBsBwSooag==
  dependencies:
    sparse-bitfield "^3.0.3"

sift@16.0.1:
  version "16.0.1"
  resolved "https://registry.yarnpkg.com/sift/-/sift-16.0.1.tgz#e9c2ccc72191585008cf3e36fc447b2d2633a053"
  integrity sha512-Wv6BjQ5zbhW7VFefWusVP33T/EM0vYikCaQ2qR8yULbsilAT8/wQaXvuQ3ptGLpoKx+lihJE3y2UTgKDyyNHZQ==

smart-buffer@^4.2.0:
  version "4.2.0"
  resolved "https://registry.yarnpkg.com/smart-buffer/-/smart-buffer-4.2.0.tgz#6e1d71fa4f18c05f7d0ff216dd16a481d0e8d9ae"
  integrity sha512-94hK0Hh8rPqQl2xXc3HsaBoOXKV20MToPkcXvwbISWLEs+64sBq5kFgn2kJDHb1Pry9yrP0dxrCI9RRci7RXKg==

socks@^2.7.1:
  version "2.7.1"
  resolved "https://registry.yarnpkg.com/socks/-/socks-2.7.1.tgz#d8e651247178fde79c0663043e07240196857d55"
  integrity sha512-7maUZy1N7uo6+WVEX6psASxtNlKaNVMlGQKkG/63nEDdLOWNbiUMoLK7X4uYoLhQstau72mLgfEWcXcwsaHbYQ==
  dependencies:
    ip "^2.0.0"
    smart-buffer "^4.2.0"

sparse-bitfield@^3.0.3:
  version "3.0.3"
  resolved "https://registry.yarnpkg.com/sparse-bitfield/-/sparse-bitfield-3.0.3.tgz#ff4ae6e68656056ba4b3e792ab3334d38273ca11"
  integrity sha512-kvzhi7vqKTfkh0PZU+2D2PIllw2ymqJKujUcyPMd9Y75Nv4nPbGJZXNhxsgdQab2BmlDct1YnfQCguEvHr7VsQ==
  dependencies:
    memory-pager "^1.0.2"

supports-color@^7.1.0:
  version "7.2.0"
  resolved "https://registry.yarnpkg.com/supports-color/-/supports-color-7.2.0.tgz#1b7dcdcb32b8138801b3e478ba6a51caa89648da"
  integrity sha512-qpCAvRl9stuOHveKsn7HncJRvv501qIacKzQlO/+Lwxc9+0q2wLyv4Dfvt80/DPn2pqOBsJdDiogXGR9+OvwRw==
  dependencies:
    has-flag "^4.0.0"

tr46@^3.0.0:
  version "3.0.0"
  resolved "https://registry.yarnpkg.com/tr46/-/tr46-3.0.0.tgz#555c4e297a950617e8eeddef633c87d4d9d6cbf9"
  integrity sha512-l7FvfAHlcmulp8kr+flpQZmVwtu7nfRV7NZujtN0OqES8EL4O4e0qqzL0DC5gAvx/ZC/9lk6rhcUwYvkBnBnYA==
  dependencies:
    punycode "^2.1.1"

tr46@~0.0.3:
  version "0.0.3"
  resolved "https://registry.yarnpkg.com/tr46/-/tr46-0.0.3.tgz#8184fd347dac9cdc185992f3a6622e14b9d9ab6a"
  integrity sha512-N3WMsuqV66lT30CrXNbEjx4GEwlow3v6rr4mCcv6prnfwhS01rkgyFdjPNBYd9br7LpXV1+Emh01fHnq2Gdgrw==

tslib@2.5.3:
  version "2.5.3"
  resolved "https://registry.yarnpkg.com/tslib/-/tslib-2.5.3.tgz#24944ba2d990940e6e982c4bea147aba80209913"
  integrity sha512-mSxlJJwl3BMEQCUNnxXBU9jP4JBktcEGhURcPR6VQVlnP0FdDEsIaz0C35dXNGLyRfrATNofF0F5p2KPxQgB+w==

tslib@^2.1.0:
  version "2.6.1"
  resolved "https://registry.yarnpkg.com/tslib/-/tslib-2.6.1.tgz#fd8c9a0ff42590b25703c0acb3de3d3f4ede0410"
  integrity sha512-t0hLfiEKfMUoqhG+U1oid7Pva4bbDPHYfJNiB7BiIjRkj1pyC++4N3huJfqY6aRH6VTB0rvtzQwjM4K6qpfOig==

uid@2.0.2:
  version "2.0.2"
  resolved "https://registry.yarnpkg.com/uid/-/uid-2.0.2.tgz#4b5782abf0f2feeefc00fa88006b2b3b7af3e3b9"
  integrity sha512-u3xV3X7uzvi5b1MncmZo3i2Aw222Zk1keqLA1YkHldREkAhAqi65wuPfe7lHx8H/Wzy+8CE7S7uS3jekIM5s8g==
  dependencies:
    "@lukeed/csprng" "^1.0.0"

validator@^13.7.0:
  version "13.11.0"
  resolved "https://registry.yarnpkg.com/validator/-/validator-13.11.0.tgz#23ab3fd59290c61248364eabf4067f04955fbb1b"
  integrity sha512-Ii+sehpSfZy+At5nPdnyMhx78fEoPDkR2XW/zimHEL3MyGJQOCQ7WeP20jPYRz7ZCpcKLB21NxuXHF3bxjStBQ==

webidl-conversions@^3.0.0:
  version "3.0.1"
  resolved "https://registry.yarnpkg.com/webidl-conversions/-/webidl-conversions-3.0.1.tgz#24534275e2a7bc6be7bc86611cc16ae0a5654871"
  integrity sha512-2JAn3z8AR6rjK8Sm8orRC0h/bcl/DqL7tRPdGZ4I1CjdF+EaMLmYxBHyXuKL849eucPFhvBoxMsflfOb8kxaeQ==

webidl-conversions@^7.0.0:
  version "7.0.0"
  resolved "https://registry.yarnpkg.com/webidl-conversions/-/webidl-conversions-7.0.0.tgz#256b4e1882be7debbf01d05f0aa2039778ea080a"
  integrity sha512-VwddBukDzu71offAQR975unBIGqfKZpM+8ZX6ySk8nYhVoo5CYaZyzt3YBvYtRtO+aoGlqxPg/B87NGVZ/fu6g==

whatwg-url@^11.0.0:
  version "11.0.0"
  resolved "https://registry.yarnpkg.com/whatwg-url/-/whatwg-url-11.0.0.tgz#0a849eebb5faf2119b901bb76fd795c2848d4018"
  integrity sha512-RKT8HExMpoYx4igMiVMY83lN6UeITKJlBQ+vR/8ZJ8OCdSiN3RwCq+9gH0+Xzj0+5IrM6i4j/6LuvzbZIQgEcQ==
  dependencies:
    tr46 "^3.0.0"
    webidl-conversions "^7.0.0"

whatwg-url@^5.0.0:
  version "5.0.0"
  resolved "https://registry.yarnpkg.com/whatwg-url/-/whatwg-url-5.0.0.tgz#966454e8765462e37644d3626f6742ce8b70965d"
  integrity sha512-saE57nupxk6v3HY35+jzBwYa0rKSy0XR8JSxZPwgLr7ys0IBzhGviA1/TUGJLmSVqs8pb9AnvICXEuOHLprYTw==
  dependencies:
    tr46 "~0.0.3"
    webidl-conversions "^3.0.0"
